// !$*UTF8*$!
{
	archiveVersion = 1;
	classes = {
	};
	objectVersion = 56;
	objects = {

/* Begin PBXBuildFile section */
		0068778929F23E300007F94A /* StudentDeleteAdminView.swift in Sources */ = {isa = PBXBuildFile; fileRef = 0068778829F23E300007F94A /* StudentDeleteAdminView.swift */; };
		0068778B29F23F720007F94A /* TeacherManageUsers.swift in Sources */ = {isa = PBXBuildFile; fileRef = 0068778A29F23F720007F94A /* TeacherManageUsers.swift */; };
		00CE9AF829F2FF2000AAEE3C /* StudentRegisterView.swift in Sources */ = {isa = PBXBuildFile; fileRef = 00CE9AF729F2FF2000AAEE3C /* StudentRegisterView.swift */; };
		3197737529E51DF000596D4C /* Project190App.swift in Sources */ = {isa = PBXBuildFile; fileRef = 3197737429E51DF000596D4C /* Project190App.swift */; };
		3197737729E51DF000596D4C /* ContentView.swift in Sources */ = {isa = PBXBuildFile; fileRef = 3197737629E51DF000596D4C /* ContentView.swift */; };
		3197737929E51DF200596D4C /* Assets.xcassets in Resources */ = {isa = PBXBuildFile; fileRef = 3197737829E51DF200596D4C /* Assets.xcassets */; };
		3197737C29E51DF200596D4C /* Preview Assets.xcassets in Resources */ = {isa = PBXBuildFile; fileRef = 3197737B29E51DF200596D4C /* Preview Assets.xcassets */; };
		3197738329E51E7400596D4C /* EULAView.swift in Sources */ = {isa = PBXBuildFile; fileRef = 3197738229E51E7400596D4C /* EULAView.swift */; };
		3197738529E51EF500596D4C /* LoginView.swift in Sources */ = {isa = PBXBuildFile; fileRef = 3197738429E51EF500596D4C /* LoginView.swift */; };
		3197738829E51F2E00596D4C /* KeychainSwift in Frameworks */ = {isa = PBXBuildFile; productRef = 3197738729E51F2E00596D4C /* KeychainSwift */; };
		3197738A29E51F5A00596D4C /* StudentMainView.swift in Sources */ = {isa = PBXBuildFile; fileRef = 3197738929E51F5A00596D4C /* StudentMainView.swift */; };
		3197738C29E51FA300596D4C /* TeacherConnectCodeView.swift in Sources */ = {isa = PBXBuildFile; fileRef = 3197738B29E51FA300596D4C /* TeacherConnectCodeView.swift */; };
		3197738E29E51FF100596D4C /* TeacherMainView.swift in Sources */ = {isa = PBXBuildFile; fileRef = 3197738D29E51FF100596D4C /* TeacherMainView.swift */; };
		3197739029E5203B00596D4C /* TeacherMasterControlView.swift in Sources */ = {isa = PBXBuildFile; fileRef = 3197738F29E5203B00596D4C /* TeacherMasterControlView.swift */; };
		31B14E4329E5346D006F1031 /* StudentConnectCodeView.swift in Sources */ = {isa = PBXBuildFile; fileRef = 31B14E4229E5346D006F1031 /* StudentConnectCodeView.swift */; };
		7F0987C429EF1C8300D7ABFA /* TeacherSettingsView.swift in Sources */ = {isa = PBXBuildFile; fileRef = 7F0987C329EF1C8300D7ABFA /* TeacherSettingsView.swift */; };
		7F3ACD9029F0D83900EB12B4 /* TeacherDeleteStudentView.swift in Sources */ = {isa = PBXBuildFile; fileRef = 7F3ACD8F29F0D83900EB12B4 /* TeacherDeleteStudentView.swift */; };
		7F6B482C29EE461D000D2997 /* StudentSettingsView.swift in Sources */ = {isa = PBXBuildFile; fileRef = 7F6B482B29EE461D000D2997 /* StudentSettingsView.swift */; };
		BE0FDCDC29F0D82200D9EBE3 /* StudentChooseAdminView.swift in Sources */ = {isa = PBXBuildFile; fileRef = BE0FDCDB29F0D82200D9EBE3 /* StudentChooseAdminView.swift */; };
		BE0FDCDE29F0D8FC00D9EBE3 /* StudentAppRequestView.swift in Sources */ = {isa = PBXBuildFile; fileRef = BE0FDCDD29F0D8FC00D9EBE3 /* StudentAppRequestView.swift */; };
		BE0FDCE029F0F18300D9EBE3 /* TeacherAppRequestView.swift in Sources */ = {isa = PBXBuildFile; fileRef = BE0FDCDF29F0F18300D9EBE3 /* TeacherAppRequestView.swift */; };
/* End PBXBuildFile section */

/* Begin PBXFileReference section */
		0068778829F23E300007F94A /* StudentDeleteAdminView.swift */ = {isa = PBXFileReference; fileEncoding = 4; lastKnownFileType = sourcecode.swift; path = StudentDeleteAdminView.swift; sourceTree = "<group>"; };
		0068778A29F23F720007F94A /* TeacherManageUsers.swift */ = {isa = PBXFileReference; lastKnownFileType = sourcecode.swift; path = TeacherManageUsers.swift; sourceTree = "<group>"; };
		00CE9AF729F2FF2000AAEE3C /* StudentRegisterView.swift */ = {isa = PBXFileReference; fileEncoding = 4; lastKnownFileType = sourcecode.swift; path = StudentRegisterView.swift; sourceTree = "<group>"; };
		3197737129E51DF000596D4C /* Project190.app */ = {isa = PBXFileReference; explicitFileType = wrapper.application; includeInIndex = 0; path = Project190.app; sourceTree = BUILT_PRODUCTS_DIR; };
		3197737429E51DF000596D4C /* Project190App.swift */ = {isa = PBXFileReference; lastKnownFileType = sourcecode.swift; path = Project190App.swift; sourceTree = "<group>"; };
		3197737629E51DF000596D4C /* ContentView.swift */ = {isa = PBXFileReference; lastKnownFileType = sourcecode.swift; path = ContentView.swift; sourceTree = "<group>"; };
		3197737829E51DF200596D4C /* Assets.xcassets */ = {isa = PBXFileReference; lastKnownFileType = folder.assetcatalog; path = Assets.xcassets; sourceTree = "<group>"; };
		3197737B29E51DF200596D4C /* Preview Assets.xcassets */ = {isa = PBXFileReference; lastKnownFileType = folder.assetcatalog; path = "Preview Assets.xcassets"; sourceTree = "<group>"; };
		3197738229E51E7400596D4C /* EULAView.swift */ = {isa = PBXFileReference; lastKnownFileType = sourcecode.swift; path = EULAView.swift; sourceTree = "<group>"; };
		3197738429E51EF500596D4C /* LoginView.swift */ = {isa = PBXFileReference; lastKnownFileType = sourcecode.swift; path = LoginView.swift; sourceTree = "<group>"; };
		3197738929E51F5A00596D4C /* StudentMainView.swift */ = {isa = PBXFileReference; lastKnownFileType = sourcecode.swift; path = StudentMainView.swift; sourceTree = "<group>"; };
		3197738B29E51FA300596D4C /* TeacherConnectCodeView.swift */ = {isa = PBXFileReference; lastKnownFileType = sourcecode.swift; path = TeacherConnectCodeView.swift; sourceTree = "<group>"; };
		3197738D29E51FF100596D4C /* TeacherMainView.swift */ = {isa = PBXFileReference; lastKnownFileType = sourcecode.swift; path = TeacherMainView.swift; sourceTree = "<group>"; };
		3197738F29E5203B00596D4C /* TeacherMasterControlView.swift */ = {isa = PBXFileReference; lastKnownFileType = sourcecode.swift; path = TeacherMasterControlView.swift; sourceTree = "<group>"; };
		31B14E4229E5346D006F1031 /* StudentConnectCodeView.swift */ = {isa = PBXFileReference; lastKnownFileType = sourcecode.swift; path = StudentConnectCodeView.swift; sourceTree = "<group>"; };
		7F0987C329EF1C8300D7ABFA /* TeacherSettingsView.swift */ = {isa = PBXFileReference; lastKnownFileType = sourcecode.swift; path = TeacherSettingsView.swift; sourceTree = "<group>"; };
		7F3ACD8F29F0D83900EB12B4 /* TeacherDeleteStudentView.swift */ = {isa = PBXFileReference; lastKnownFileType = sourcecode.swift; path = TeacherDeleteStudentView.swift; sourceTree = "<group>"; };
		7F6B482B29EE461D000D2997 /* StudentSettingsView.swift */ = {isa = PBXFileReference; lastKnownFileType = sourcecode.swift; path = StudentSettingsView.swift; sourceTree = "<group>"; };
		BE0FDCDB29F0D82200D9EBE3 /* StudentChooseAdminView.swift */ = {isa = PBXFileReference; lastKnownFileType = sourcecode.swift; path = StudentChooseAdminView.swift; sourceTree = "<group>"; };
		BE0FDCDD29F0D8FC00D9EBE3 /* StudentAppRequestView.swift */ = {isa = PBXFileReference; lastKnownFileType = sourcecode.swift; path = StudentAppRequestView.swift; sourceTree = "<group>"; };
		BE0FDCDF29F0F18300D9EBE3 /* TeacherAppRequestView.swift */ = {isa = PBXFileReference; lastKnownFileType = sourcecode.swift; path = TeacherAppRequestView.swift; sourceTree = "<group>"; };
/* End PBXFileReference section */

/* Begin PBXFrameworksBuildPhase section */
		3197736E29E51DF000596D4C /* Frameworks */ = {
			isa = PBXFrameworksBuildPhase;
			buildActionMask = 2147483647;
			files = (
				3197738829E51F2E00596D4C /* KeychainSwift in Frameworks */,
			);
			runOnlyForDeploymentPostprocessing = 0;
		};
/* End PBXFrameworksBuildPhase section */

/* Begin PBXGroup section */
		3197736829E51DF000596D4C = {
			isa = PBXGroup;
			children = (
				3197737329E51DF000596D4C /* Project190 */,
				3197737229E51DF000596D4C /* Products */,
			);
			sourceTree = "<group>";
		};
		3197737229E51DF000596D4C /* Products */ = {
			isa = PBXGroup;
			children = (
				3197737129E51DF000596D4C /* Project190.app */,
			);
			name = Products;
			sourceTree = "<group>";
		};
		3197737329E51DF000596D4C /* Project190 */ = {
			isa = PBXGroup;
			children = (
				00CE9AF729F2FF2000AAEE3C /* StudentRegisterView.swift */,
				0068778829F23E300007F94A /* StudentDeleteAdminView.swift */,
				3197737429E51DF000596D4C /* Project190App.swift */,
				3197737629E51DF000596D4C /* ContentView.swift */,
				7F3ACD8F29F0D83900EB12B4 /* TeacherDeleteStudentView.swift */,
				7F0987C329EF1C8300D7ABFA /* TeacherSettingsView.swift */,
				7F6B482B29EE461D000D2997 /* StudentSettingsView.swift */,
				3197738229E51E7400596D4C /* EULAView.swift */,
				3197738B29E51FA300596D4C /* TeacherConnectCodeView.swift */,
				3197738929E51F5A00596D4C /* StudentMainView.swift */,
				3197738D29E51FF100596D4C /* TeacherMainView.swift */,
				3197738F29E5203B00596D4C /* TeacherMasterControlView.swift */,
				31B14E4229E5346D006F1031 /* StudentConnectCodeView.swift */,
				3197738429E51EF500596D4C /* LoginView.swift */,
				3197737829E51DF200596D4C /* Assets.xcassets */,
				3197737A29E51DF200596D4C /* Preview Content */,
				BE0FDCDB29F0D82200D9EBE3 /* StudentChooseAdminView.swift */,
				BE0FDCDD29F0D8FC00D9EBE3 /* StudentAppRequestView.swift */,
				BE0FDCDF29F0F18300D9EBE3 /* TeacherAppRequestView.swift */,
				0068778A29F23F720007F94A /* TeacherManageUsers.swift */,
			);
			path = Project190;
			sourceTree = "<group>";
		};
		3197737A29E51DF200596D4C /* Preview Content */ = {
			isa = PBXGroup;
			children = (
				3197737B29E51DF200596D4C /* Preview Assets.xcassets */,
			);
			path = "Preview Content";
			sourceTree = "<group>";
		};
/* End PBXGroup section */

/* Begin PBXNativeTarget section */
		3197737029E51DF000596D4C /* Project190 */ = {
			isa = PBXNativeTarget;
			buildConfigurationList = 3197737F29E51DF200596D4C /* Build configuration list for PBXNativeTarget "Project190" */;
			buildPhases = (
				3197736D29E51DF000596D4C /* Sources */,
				3197736E29E51DF000596D4C /* Frameworks */,
				3197736F29E51DF000596D4C /* Resources */,
			);
			buildRules = (
			);
			dependencies = (
			);
			name = Project190;
			packageProductDependencies = (
				3197738729E51F2E00596D4C /* KeychainSwift */,
			);
			productName = Project190;
			productReference = 3197737129E51DF000596D4C /* Project190.app */;
			productType = "com.apple.product-type.application";
		};
/* End PBXNativeTarget section */

/* Begin PBXProject section */
		3197736929E51DF000596D4C /* Project object */ = {
			isa = PBXProject;
			attributes = {
				BuildIndependentTargetsInParallel = 1;
				LastSwiftUpdateCheck = 1430;
				LastUpgradeCheck = 1430;
				TargetAttributes = {
					3197737029E51DF000596D4C = {
						CreatedOnToolsVersion = 14.3;
					};
				};
			};
			buildConfigurationList = 3197736C29E51DF000596D4C /* Build configuration list for PBXProject "Project190" */;
			compatibilityVersion = "Xcode 14.0";
			developmentRegion = en;
			hasScannedForEncodings = 0;
			knownRegions = (
				en,
				Base,
			);
			mainGroup = 3197736829E51DF000596D4C;
			packageReferences = (
				3197738629E51F2E00596D4C /* XCRemoteSwiftPackageReference "keychain-swift" */,
			);
			productRefGroup = 3197737229E51DF000596D4C /* Products */;
			projectDirPath = "";
			projectRoot = "";
			targets = (
				3197737029E51DF000596D4C /* Project190 */,
			);
		};
/* End PBXProject section */

/* Begin PBXResourcesBuildPhase section */
		3197736F29E51DF000596D4C /* Resources */ = {
			isa = PBXResourcesBuildPhase;
			buildActionMask = 2147483647;
			files = (
				3197737C29E51DF200596D4C /* Preview Assets.xcassets in Resources */,
				3197737929E51DF200596D4C /* Assets.xcassets in Resources */,
			);
			runOnlyForDeploymentPostprocessing = 0;
		};
/* End PBXResourcesBuildPhase section */

/* Begin PBXSourcesBuildPhase section */
		3197736D29E51DF000596D4C /* Sources */ = {
			isa = PBXSourcesBuildPhase;
			buildActionMask = 2147483647;
			files = (
				3197737729E51DF000596D4C /* ContentView.swift in Sources */,
				BE0FDCDE29F0D8FC00D9EBE3 /* StudentAppRequestView.swift in Sources */,
				3197737529E51DF000596D4C /* Project190App.swift in Sources */,
				7F3ACD9029F0D83900EB12B4 /* TeacherDeleteStudentView.swift in Sources */,
				3197738E29E51FF100596D4C /* TeacherMainView.swift in Sources */,
				0068778929F23E300007F94A /* StudentDeleteAdminView.swift in Sources */,
				3197738529E51EF500596D4C /* LoginView.swift in Sources */,
				00CE9AF829F2FF2000AAEE3C /* StudentRegisterView.swift in Sources */,
				7F0987C429EF1C8300D7ABFA /* TeacherSettingsView.swift in Sources */,
				0068778B29F23F720007F94A /* TeacherManageUsers.swift in Sources */,
				3197738C29E51FA300596D4C /* TeacherConnectCodeView.swift in Sources */,
				BE0FDCE029F0F18300D9EBE3 /* TeacherAppRequestView.swift in Sources */,
				3197739029E5203B00596D4C /* TeacherMasterControlView.swift in Sources */,
				BE0FDCDC29F0D82200D9EBE3 /* StudentChooseAdminView.swift in Sources */,
				31B14E4329E5346D006F1031 /* StudentConnectCodeView.swift in Sources */,
				7F6B482C29EE461D000D2997 /* StudentSettingsView.swift in Sources */,
				3197738A29E51F5A00596D4C /* StudentMainView.swift in Sources */,
				3197738329E51E7400596D4C /* EULAView.swift in Sources */,
			);
			runOnlyForDeploymentPostprocessing = 0;
		};
/* End PBXSourcesBuildPhase section */

/* Begin XCBuildConfiguration section */
		3197737D29E51DF200596D4C /* Debug */ = {
			isa = XCBuildConfiguration;
			buildSettings = {
				ALWAYS_SEARCH_USER_PATHS = NO;
				CLANG_ANALYZER_NONNULL = YES;
				CLANG_ANALYZER_NUMBER_OBJECT_CONVERSION = YES_AGGRESSIVE;
				CLANG_CXX_LANGUAGE_STANDARD = "gnu++20";
				CLANG_ENABLE_MODULES = YES;
				CLANG_ENABLE_OBJC_ARC = YES;
				CLANG_ENABLE_OBJC_WEAK = YES;
				CLANG_WARN_BLOCK_CAPTURE_AUTORELEASING = YES;
				CLANG_WARN_BOOL_CONVERSION = YES;
				CLANG_WARN_COMMA = YES;
				CLANG_WARN_CONSTANT_CONVERSION = YES;
				CLANG_WARN_DEPRECATED_OBJC_IMPLEMENTATIONS = YES;
				CLANG_WARN_DIRECT_OBJC_ISA_USAGE = YES_ERROR;
				CLANG_WARN_DOCUMENTATION_COMMENTS = YES;
				CLANG_WARN_EMPTY_BODY = YES;
				CLANG_WARN_ENUM_CONVERSION = YES;
				CLANG_WARN_INFINITE_RECURSION = YES;
				CLANG_WARN_INT_CONVERSION = YES;
				CLANG_WARN_NON_LITERAL_NULL_CONVERSION = YES;
				CLANG_WARN_OBJC_IMPLICIT_RETAIN_SELF = YES;
				CLANG_WARN_OBJC_LITERAL_CONVERSION = YES;
				CLANG_WARN_OBJC_ROOT_CLASS = YES_ERROR;
				CLANG_WARN_QUOTED_INCLUDE_IN_FRAMEWORK_HEADER = YES;
				CLANG_WARN_RANGE_LOOP_ANALYSIS = YES;
				CLANG_WARN_STRICT_PROTOTYPES = YES;
				CLANG_WARN_SUSPICIOUS_MOVE = YES;
				CLANG_WARN_UNGUARDED_AVAILABILITY = YES_AGGRESSIVE;
				CLANG_WARN_UNREACHABLE_CODE = YES;
				CLANG_WARN__DUPLICATE_METHOD_MATCH = YES;
				COPY_PHASE_STRIP = NO;
				DEBUG_INFORMATION_FORMAT = dwarf;
				ENABLE_STRICT_OBJC_MSGSEND = YES;
				ENABLE_TESTABILITY = YES;
				GCC_C_LANGUAGE_STANDARD = gnu11;
				GCC_DYNAMIC_NO_PIC = NO;
				GCC_NO_COMMON_BLOCKS = YES;
				GCC_OPTIMIZATION_LEVEL = 0;
				GCC_PREPROCESSOR_DEFINITIONS = (
					"DEBUG=1",
					"$(inherited)",
				);
				GCC_WARN_64_TO_32_BIT_CONVERSION = YES;
				GCC_WARN_ABOUT_RETURN_TYPE = YES_ERROR;
				GCC_WARN_UNDECLARED_SELECTOR = YES;
				GCC_WARN_UNINITIALIZED_AUTOS = YES_AGGRESSIVE;
				GCC_WARN_UNUSED_FUNCTION = YES;
				GCC_WARN_UNUSED_VARIABLE = YES;
				IPHONEOS_DEPLOYMENT_TARGET = 16.4;
				MTL_ENABLE_DEBUG_INFO = INCLUDE_SOURCE;
				MTL_FAST_MATH = YES;
				ONLY_ACTIVE_ARCH = YES;
				SDKROOT = iphoneos;
				SWIFT_ACTIVE_COMPILATION_CONDITIONS = DEBUG;
				SWIFT_OPTIMIZATION_LEVEL = "-Onone";
			};
			name = Debug;
		};
		3197737E29E51DF200596D4C /* Release */ = {
			isa = XCBuildConfiguration;
			buildSettings = {
				ALWAYS_SEARCH_USER_PATHS = NO;
				CLANG_ANALYZER_NONNULL = YES;
				CLANG_ANALYZER_NUMBER_OBJECT_CONVERSION = YES_AGGRESSIVE;
				CLANG_CXX_LANGUAGE_STANDARD = "gnu++20";
				CLANG_ENABLE_MODULES = YES;
				CLANG_ENABLE_OBJC_ARC = YES;
				CLANG_ENABLE_OBJC_WEAK = YES;
				CLANG_WARN_BLOCK_CAPTURE_AUTORELEASING = YES;
				CLANG_WARN_BOOL_CONVERSION = YES;
				CLANG_WARN_COMMA = YES;
				CLANG_WARN_CONSTANT_CONVERSION = YES;
				CLANG_WARN_DEPRECATED_OBJC_IMPLEMENTATIONS = YES;
				CLANG_WARN_DIRECT_OBJC_ISA_USAGE = YES_ERROR;
				CLANG_WARN_DOCUMENTATION_COMMENTS = YES;
				CLANG_WARN_EMPTY_BODY = YES;
				CLANG_WARN_ENUM_CONVERSION = YES;
				CLANG_WARN_INFINITE_RECURSION = YES;
				CLANG_WARN_INT_CONVERSION = YES;
				CLANG_WARN_NON_LITERAL_NULL_CONVERSION = YES;
				CLANG_WARN_OBJC_IMPLICIT_RETAIN_SELF = YES;
				CLANG_WARN_OBJC_LITERAL_CONVERSION = YES;
				CLANG_WARN_OBJC_ROOT_CLASS = YES_ERROR;
				CLANG_WARN_QUOTED_INCLUDE_IN_FRAMEWORK_HEADER = YES;
				CLANG_WARN_RANGE_LOOP_ANALYSIS = YES;
				CLANG_WARN_STRICT_PROTOTYPES = YES;
				CLANG_WARN_SUSPICIOUS_MOVE = YES;
				CLANG_WARN_UNGUARDED_AVAILABILITY = YES_AGGRESSIVE;
				CLANG_WARN_UNREACHABLE_CODE = YES;
				CLANG_WARN__DUPLICATE_METHOD_MATCH = YES;
				COPY_PHASE_STRIP = NO;
				DEBUG_INFORMATION_FORMAT = "dwarf-with-dsym";
				ENABLE_NS_ASSERTIONS = NO;
				ENABLE_STRICT_OBJC_MSGSEND = YES;
				GCC_C_LANGUAGE_STANDARD = gnu11;
				GCC_NO_COMMON_BLOCKS = YES;
				GCC_WARN_64_TO_32_BIT_CONVERSION = YES;
				GCC_WARN_ABOUT_RETURN_TYPE = YES_ERROR;
				GCC_WARN_UNDECLARED_SELECTOR = YES;
				GCC_WARN_UNINITIALIZED_AUTOS = YES_AGGRESSIVE;
				GCC_WARN_UNUSED_FUNCTION = YES;
				GCC_WARN_UNUSED_VARIABLE = YES;
				IPHONEOS_DEPLOYMENT_TARGET = 16.4;
				MTL_ENABLE_DEBUG_INFO = NO;
				MTL_FAST_MATH = YES;
				SDKROOT = iphoneos;
				SWIFT_COMPILATION_MODE = wholemodule;
				SWIFT_OPTIMIZATION_LEVEL = "-O";
				VALIDATE_PRODUCT = YES;
			};
			name = Release;
		};
		3197738029E51DF200596D4C /* Debug */ = {
			isa = XCBuildConfiguration;
			buildSettings = {
				ASSETCATALOG_COMPILER_APPICON_NAME = AppIcon;
				ASSETCATALOG_COMPILER_GLOBAL_ACCENT_COLOR_NAME = AccentColor;
				CODE_SIGN_STYLE = Automatic;
				CURRENT_PROJECT_VERSION = 1;
				DEVELOPMENT_ASSET_PATHS = "\"Project190/Preview Content\"";
				DEVELOPMENT_TEAM = WZ7F65C4AU;
				ENABLE_PREVIEWS = YES;
				GENERATE_INFOPLIST_FILE = YES;
				INFOPLIST_KEY_UIApplicationSceneManifest_Generation = YES;
				INFOPLIST_KEY_UIApplicationSupportsIndirectInputEvents = YES;
				INFOPLIST_KEY_UILaunchScreen_Generation = YES;
				INFOPLIST_KEY_UISupportedInterfaceOrientations_iPad = "UIInterfaceOrientationPortrait UIInterfaceOrientationPortraitUpsideDown UIInterfaceOrientationLandscapeLeft UIInterfaceOrientationLandscapeRight";
				INFOPLIST_KEY_UISupportedInterfaceOrientations_iPhone = "UIInterfaceOrientationPortrait UIInterfaceOrientationLandscapeLeft UIInterfaceOrientationLandscapeRight";
				IPHONEOS_DEPLOYMENT_TARGET = 16.2;
				LD_RUNPATH_SEARCH_PATHS = (
					"$(inherited)",
					"@executable_path/Frameworks",
				);
				MARKETING_VERSION = 1.0;
				PRODUCT_BUNDLE_IDENTIFIER = csus.Project190;
				PRODUCT_NAME = "$(TARGET_NAME)";
				SWIFT_EMIT_LOC_STRINGS = YES;
				SWIFT_VERSION = 5.0;
				TARGETED_DEVICE_FAMILY = "1,2";
			};
			name = Debug;
		};
		3197738129E51DF200596D4C /* Release */ = {
			isa = XCBuildConfiguration;
			buildSettings = {
				ASSETCATALOG_COMPILER_APPICON_NAME = AppIcon;
				ASSETCATALOG_COMPILER_GLOBAL_ACCENT_COLOR_NAME = AccentColor;
				CODE_SIGN_STYLE = Automatic;
				CURRENT_PROJECT_VERSION = 1;
				DEVELOPMENT_ASSET_PATHS = "\"Project190/Preview Content\"";
				DEVELOPMENT_TEAM = WZ7F65C4AU;
				ENABLE_PREVIEWS = YES;
				GENERATE_INFOPLIST_FILE = YES;
				INFOPLIST_KEY_UIApplicationSceneManifest_Generation = YES;
				INFOPLIST_KEY_UIApplicationSupportsIndirectInputEvents = YES;
				INFOPLIST_KEY_UILaunchScreen_Generation = YES;
				INFOPLIST_KEY_UISupportedInterfaceOrientations_iPad = "UIInterfaceOrientationPortrait UIInterfaceOrientationPortraitUpsideDown UIInterfaceOrientationLandscapeLeft UIInterfaceOrientationLandscapeRight";
				INFOPLIST_KEY_UISupportedInterfaceOrientations_iPhone = "UIInterfaceOrientationPortrait UIInterfaceOrientationLandscapeLeft UIInterfaceOrientationLandscapeRight";
				IPHONEOS_DEPLOYMENT_TARGET = 16.2;
				LD_RUNPATH_SEARCH_PATHS = (
					"$(inherited)",
					"@executable_path/Frameworks",
				);
				MARKETING_VERSION = 1.0;
				PRODUCT_BUNDLE_IDENTIFIER = csus.Project190;
				PRODUCT_NAME = "$(TARGET_NAME)";
				SWIFT_EMIT_LOC_STRINGS = YES;
				SWIFT_VERSION = 5.0;
				TARGETED_DEVICE_FAMILY = "1,2";
			};
			name = Release;
		};
/* End XCBuildConfiguration section */

/* Begin XCConfigurationList section */
		3197736C29E51DF000596D4C /* Build configuration list for PBXProject "Project190" */ = {
			isa = XCConfigurationList;
			buildConfigurations = (
				3197737D29E51DF200596D4C /* Debug */,
				3197737E29E51DF200596D4C /* Release */,
			);
			defaultConfigurationIsVisible = 0;
			defaultConfigurationName = Release;
		};
		3197737F29E51DF200596D4C /* Build configuration list for PBXNativeTarget "Project190" */ = {
			isa = XCConfigurationList;
			buildConfigurations = (
				3197738029E51DF200596D4C /* Debug */,
				3197738129E51DF200596D4C /* Release */,
			);
			defaultConfigurationIsVisible = 0;
			defaultConfigurationName = Release;
		};
/* End XCConfigurationList section */

/* Begin XCRemoteSwiftPackageReference section */
		3197738629E51F2E00596D4C /* XCRemoteSwiftPackageReference "keychain-swift" */ = {
			isa = XCRemoteSwiftPackageReference;
			repositoryURL = "https://github.com/evgenyneu/keychain-swift.git";
			requirement = {
				kind = upToNextMajorVersion;
				minimumVersion = 20.0.0;
			};
		};
/* End XCRemoteSwiftPackageReference section */

/* Begin XCSwiftPackageProductDependency section */
		3197738729E51F2E00596D4C /* KeychainSwift */ = {
			isa = XCSwiftPackageProductDependency;
			package = 3197738629E51F2E00596D4C /* XCRemoteSwiftPackageReference "keychain-swift" */;
			productName = KeychainSwift;
		};
/* End XCSwiftPackageProductDependency section */
	};
	rootObject = 3197736929E51DF000596D4C /* Project object */;
}
